
Microsoft Visual Studio Solution File, Format Version 12.00
# Visual Studio 14
VisualStudioVersion = 14.0.25420.1
MinimumVisualStudioVersion = 10.0.40219.1
Project("{8BC9CEB8-8B4A-11D0-8D11-00A0C91BC942}") = "test_client", "UDP_Client\UDP_Client.vcxproj", "{3358137C-CAE5-4A4A-8F1D-F4133F8CA3F2}"
EndProject
Project("{8BC9CEB8-8B4A-11D0-8D11-00A0C91BC942}") = "CAN_UDP_Server", "UDP_Server\UDP_Server.vcxproj", "{FB087F6D-FDAE-4FB6-8ABC-44E7D8204AA3}"
EndProject
Project("{8BC9CEB8-8B4A-11D0-8D11-00A0C91BC942}") = "UDP_Telemetry", "UDP_Telemetry\UDP_Telemetry.vcxproj", "{3AC65393-81D0-4541-BEE5-3E7965F00DD3}"
EndProject
Project("{8BC9CEB8-8B4A-11D0-8D11-00A0C91BC942}") = "CAN_UDP_Daemon", "CAN_UDP_Daemon\CAN_UDP_Daemon.vcxproj", "{244EF030-80E2-460E-AE7E-279E66C709C3}"
EndProject
Project("{8BC9CEB8-8B4A-11D0-8D11-00A0C91BC942}") = "test_server", "ConsoleApplication1\ConsoleApplication1.vcxproj", "{5010FA9C-8313-43F8-B76A-3750A0A44D1E}"
EndProject
Project("{8BC9CEB8-8B4A-11D0-8D11-00A0C91BC942}") = "test_general", "test_general\test_general.vcxproj", "{0EAFD927-21EE-4ABB-B7E7-482D5FF17577}"
EndProject
Global
	GlobalSection(SolutionConfigurationPlatforms) = preSolution
		Debug|ARM = Debug|ARM
		Debug|x64 = Debug|x64
		Debug|x86 = Debug|x86
		Release|ARM = Release|ARM
		Release|x64 = Release|x64
		Release|x86 = Release|x86
	EndGlobalSection
	GlobalSection(ProjectConfigurationPlatforms) = postSolution
		{3358137C-CAE5-4A4A-8F1D-F4133F8CA3F2}.Debug|ARM.ActiveCfg = Debug|ARM
		{3358137C-CAE5-4A4A-8F1D-F4133F8CA3F2}.Debug|ARM.Build.0 = Debug|ARM
		{3358137C-CAE5-4A4A-8F1D-F4133F8CA3F2}.Debug|x64.ActiveCfg = Debug|x64
		{3358137C-CAE5-4A4A-8F1D-F4133F8CA3F2}.Debug|x64.Build.0 = Debug|x64
		{3358137C-CAE5-4A4A-8F1D-F4133F8CA3F2}.Debug|x86.ActiveCfg = Debug|x86
		{3358137C-CAE5-4A4A-8F1D-F4133F8CA3F2}.Debug|x86.Build.0 = Debug|x86
		{3358137C-CAE5-4A4A-8F1D-F4133F8CA3F2}.Release|ARM.ActiveCfg = Release|ARM
		{3358137C-CAE5-4A4A-8F1D-F4133F8CA3F2}.Release|ARM.Build.0 = Release|ARM
		{3358137C-CAE5-4A4A-8F1D-F4133F8CA3F2}.Release|x64.ActiveCfg = Release|x64
		{3358137C-CAE5-4A4A-8F1D-F4133F8CA3F2}.Release|x64.Build.0 = Release|x64
		{3358137C-CAE5-4A4A-8F1D-F4133F8CA3F2}.Release|x86.ActiveCfg = Release|x86
		{3358137C-CAE5-4A4A-8F1D-F4133F8CA3F2}.Release|x86.Build.0 = Release|x86
		{FB087F6D-FDAE-4FB6-8ABC-44E7D8204AA3}.Debug|ARM.ActiveCfg = Debug|ARM
		{FB087F6D-FDAE-4FB6-8ABC-44E7D8204AA3}.Debug|ARM.Build.0 = Debug|ARM
		{FB087F6D-FDAE-4FB6-8ABC-44E7D8204AA3}.Debug|x64.ActiveCfg = Debug|x64
		{FB087F6D-FDAE-4FB6-8ABC-44E7D8204AA3}.Debug|x64.Build.0 = Debug|x64
		{FB087F6D-FDAE-4FB6-8ABC-44E7D8204AA3}.Debug|x86.ActiveCfg = Debug|x86
		{FB087F6D-FDAE-4FB6-8ABC-44E7D8204AA3}.Debug|x86.Build.0 = Debug|x86
		{FB087F6D-FDAE-4FB6-8ABC-44E7D8204AA3}.Release|ARM.ActiveCfg = Release|ARM
		{FB087F6D-FDAE-4FB6-8ABC-44E7D8204AA3}.Release|ARM.Build.0 = Release|ARM
		{FB087F6D-FDAE-4FB6-8ABC-44E7D8204AA3}.Release|x64.ActiveCfg = Release|x64
		{FB087F6D-FDAE-4FB6-8ABC-44E7D8204AA3}.Release|x64.Build.0 = Release|x64
		{FB087F6D-FDAE-4FB6-8ABC-44E7D8204AA3}.Release|x86.ActiveCfg = Release|x86
		{FB087F6D-FDAE-4FB6-8ABC-44E7D8204AA3}.Release|x86.Build.0 = Release|x86
		{3AC65393-81D0-4541-BEE5-3E7965F00DD3}.Debug|ARM.ActiveCfg = Debug|ARM
		{3AC65393-81D0-4541-BEE5-3E7965F00DD3}.Debug|ARM.Build.0 = Debug|ARM
		{3AC65393-81D0-4541-BEE5-3E7965F00DD3}.Debug|x64.ActiveCfg = Debug|x64
		{3AC65393-81D0-4541-BEE5-3E7965F00DD3}.Debug|x64.Build.0 = Debug|x64
		{3AC65393-81D0-4541-BEE5-3E7965F00DD3}.Debug|x86.ActiveCfg = Debug|x86
		{3AC65393-81D0-4541-BEE5-3E7965F00DD3}.Debug|x86.Build.0 = Debug|x86
		{3AC65393-81D0-4541-BEE5-3E7965F00DD3}.Release|ARM.ActiveCfg = Release|ARM
		{3AC65393-81D0-4541-BEE5-3E7965F00DD3}.Release|ARM.Build.0 = Release|ARM
		{3AC65393-81D0-4541-BEE5-3E7965F00DD3}.Release|x64.ActiveCfg = Release|x64
		{3AC65393-81D0-4541-BEE5-3E7965F00DD3}.Release|x64.Build.0 = Release|x64
		{3AC65393-81D0-4541-BEE5-3E7965F00DD3}.Release|x86.ActiveCfg = Release|x86
		{3AC65393-81D0-4541-BEE5-3E7965F00DD3}.Release|x86.Build.0 = Release|x86
		{244EF030-80E2-460E-AE7E-279E66C709C3}.Debug|ARM.ActiveCfg = Debug|ARM
		{244EF030-80E2-460E-AE7E-279E66C709C3}.Debug|ARM.Build.0 = Debug|ARM
		{244EF030-80E2-460E-AE7E-279E66C709C3}.Debug|x64.ActiveCfg = Debug|x64
		{244EF030-80E2-460E-AE7E-279E66C709C3}.Debug|x64.Build.0 = Debug|x64
		{244EF030-80E2-460E-AE7E-279E66C709C3}.Debug|x86.ActiveCfg = Debug|x86
		{244EF030-80E2-460E-AE7E-279E66C709C3}.Debug|x86.Build.0 = Debug|x86
		{244EF030-80E2-460E-AE7E-279E66C709C3}.Release|ARM.ActiveCfg = Release|ARM
		{244EF030-80E2-460E-AE7E-279E66C709C3}.Release|ARM.Build.0 = Release|ARM
		{244EF030-80E2-460E-AE7E-279E66C709C3}.Release|x64.ActiveCfg = Release|x64
		{244EF030-80E2-460E-AE7E-279E66C709C3}.Release|x64.Build.0 = Release|x64
		{244EF030-80E2-460E-AE7E-279E66C709C3}.Release|x86.ActiveCfg = Release|x86
		{244EF030-80E2-460E-AE7E-279E66C709C3}.Release|x86.Build.0 = Release|x86
		{5010FA9C-8313-43F8-B76A-3750A0A44D1E}.Debug|ARM.ActiveCfg = Debug|ARM
		{5010FA9C-8313-43F8-B76A-3750A0A44D1E}.Debug|ARM.Build.0 = Debug|ARM
		{5010FA9C-8313-43F8-B76A-3750A0A44D1E}.Debug|x64.ActiveCfg = Debug|x64
		{5010FA9C-8313-43F8-B76A-3750A0A44D1E}.Debug|x64.Build.0 = Debug|x64
		{5010FA9C-8313-43F8-B76A-3750A0A44D1E}.Debug|x86.ActiveCfg = Debug|x86
		{5010FA9C-8313-43F8-B76A-3750A0A44D1E}.Debug|x86.Build.0 = Debug|x86
		{5010FA9C-8313-43F8-B76A-3750A0A44D1E}.Release|ARM.ActiveCfg = Release|ARM
		{5010FA9C-8313-43F8-B76A-3750A0A44D1E}.Release|ARM.Build.0 = Release|ARM
		{5010FA9C-8313-43F8-B76A-3750A0A44D1E}.Release|x64.ActiveCfg = Release|x64
		{5010FA9C-8313-43F8-B76A-3750A0A44D1E}.Release|x64.Build.0 = Release|x64
		{5010FA9C-8313-43F8-B76A-3750A0A44D1E}.Release|x86.ActiveCfg = Release|x86
		{5010FA9C-8313-43F8-B76A-3750A0A44D1E}.Release|x86.Build.0 = Release|x86
		{0EAFD927-21EE-4ABB-B7E7-482D5FF17577}.Debug|ARM.ActiveCfg = Debug|ARM
		{0EAFD927-21EE-4ABB-B7E7-482D5FF17577}.Debug|ARM.Build.0 = Debug|ARM
		{0EAFD927-21EE-4ABB-B7E7-482D5FF17577}.Debug|x64.ActiveCfg = Debug|x64
		{0EAFD927-21EE-4ABB-B7E7-482D5FF17577}.Debug|x64.Build.0 = Debug|x64
		{0EAFD927-21EE-4ABB-B7E7-482D5FF17577}.Debug|x86.ActiveCfg = Debug|x86
		{0EAFD927-21EE-4ABB-B7E7-482D5FF17577}.Debug|x86.Build.0 = Debug|x86
		{0EAFD927-21EE-4ABB-B7E7-482D5FF17577}.Release|ARM.ActiveCfg = Release|ARM
		{0EAFD927-21EE-4ABB-B7E7-482D5FF17577}.Release|ARM.Build.0 = Release|ARM
		{0EAFD927-21EE-4ABB-B7E7-482D5FF17577}.Release|x64.ActiveCfg = Release|x64
		{0EAFD927-21EE-4ABB-B7E7-482D5FF17577}.Release|x64.Build.0 = Release|x64
		{0EAFD927-21EE-4ABB-B7E7-482D5FF17577}.Release|x86.ActiveCfg = Release|x86
		{0EAFD927-21EE-4ABB-B7E7-482D5FF17577}.Release|x86.Build.0 = Release|x86
	EndGlobalSection
	GlobalSection(SolutionProperties) = preSolution
		HideSolutionNode = FALSE
	EndGlobalSection
EndGlobal
